PODS:
  - Alamofire (5.2.2)
  - Nimble (9.0.0)
  - Quick (3.0.0)
  - Realm (10.5.0):
    - Realm/Headers (= 10.5.0)
  - Realm/Headers (10.5.0)
  - RealmSwift (10.5.0):
    - Realm (= 10.5.0)
  - SDWebImage (5.9.3):
    - SDWebImage/Core (= 5.9.3)
  - SDWebImage/Core (5.9.3)
  - Spry (3.3.0)
  - "Spry+Nimble (2.1)":
    - Nimble
    - Spry
  - SwiftLint (0.40.3)
  - Swinject (2.7.1)
  - SwinjectAutoregistration (2.7.0):
    - Swinject (~> 2.7)
  - SwinjectStoryboard (2.2.0):
    - Swinject (~> 2.7.1)

DEPENDENCIES:
  - Alamofire (~> 5.2)
  - Nimble
  - Quick
  - RealmSwift
  - SDWebImage (~> 5.0)
  - Spry (from `https://github.com/NikSativa/Spry.git`, branch `master`)
  - "Spry+Nimble"
  - SwiftLint
  - Swinject
  - SwinjectAutoregistration
  - SwinjectAutoregistration (= 2.7.0)
  - SwinjectStoryboard (from `https://github.com/Swinject/SwinjectStoryboard.git`, branch `master`)

SPEC REPOS:
  trunk:
    - Alamofire
    - Nimble
    - Quick
    - Realm
    - RealmSwift
    - SDWebImage
    - "Spry+Nimble"
    - SwiftLint
    - Swinject
    - SwinjectAutoregistration

EXTERNAL SOURCES:
  Spry:
    :branch: master
    :git: https://github.com/NikSativa/Spry.git
  SwinjectStoryboard:
    :branch: master
    :git: https://github.com/Swinject/SwinjectStoryboard.git

CHECKOUT OPTIONS:
  Spry:
    :commit: e1ee8fa5f9a97eda484a289e8f4b2e17cadb7ab5
    :git: https://github.com/NikSativa/Spry.git
  SwinjectStoryboard:
    :commit: 0ca45c83a8aa398c153d8a036c95abb4343cfa0c
    :git: https://github.com/Swinject/SwinjectStoryboard.git

SPEC CHECKSUMS:
  Alamofire: 814429acc853c6c54ff123fc3d2ef66803823ce0
  Nimble: 3b4ec3fd40f1dc178058e0981107721c615643d8
  Quick: 6d9559f40647bc4d510103842ef2fdd882d753e2
  Realm: e1c22c3d83b229afb70ebc10e1771c91e9542d12
  RealmSwift: 6fc078d9d3fd7e58c71bfdbb694e252462f112a5
  SDWebImage: a31ee8e90a97303529e03fb0c333eae0eacb88e9
  Spry: 61f21431d818ccc268999e2ed6bc54e92bc6d61d
  "Spry+Nimble": c7475df3fcdfc59e7ab38ab9f4abfcfc0910a375
  SwiftLint: dfd554ff0dff17288ee574814ccdd5cea85d76f7
  Swinject: ddf78b8486dd9b71a667b852cad919ab4484478e
  SwinjectAutoregistration: 330f5012642a8b5c89a8a4adb0c5e52df07382c0
  SwinjectStoryboard: f0d5b1c16459949d6ff1cbb6610107946b18e1f8

PODFILE CHECKSUM: b641165d7646d2b9874d3a0efdd6b21c4035527c

COCOAPODS: 1.10.0
