// !$*UTF8*$!
{
	archiveVersion = 1;
	classes = {
	};
	objectVersion = 51;
	objects = {

/* Begin PBXBuildFile section */
		7085F7D2258FBE8900C74FFA /* ApiProvider.swift in Sources */ = {isa = PBXBuildFile; fileRef = 7085F7D0258FBE8800C74FFA /* ApiProvider.swift */; };
		7085F7D3258FBE8900C74FFA /* ApiProviderProtocol.swift in Sources */ = {isa = PBXBuildFile; fileRef = 7085F7D1258FBE8900C74FFA /* ApiProviderProtocol.swift */; };
		70A72B1E258CFDAC00A37450 /* AppDelegate.swift in Sources */ = {isa = PBXBuildFile; fileRef = 70A72B1D258CFDAC00A37450 /* AppDelegate.swift */; };
		704D709D258FDC16008299C9 /* ArticlesDataSource.swift in Sources */ = {isa = PBXBuildFile; fileRef = 704D709C258FDC16008299C9 /* ArticlesDataSource.swift */; };
		70A72B27258CFDAE00A37450 /* Assets.xcassets in Resources */ = {isa = PBXBuildFile; fileRef = 70A72B26258CFDAE00A37450 /* Assets.xcassets */; };
		70A72B22258CFDAC00A37450 /* HomeViewController.swift in Sources */ = {isa = PBXBuildFile; fileRef = 70A72B21258CFDAC00A37450 /* HomeViewController.swift */; };
		7085F7C8258FBD8800C74FFA /* HomeViewModel.swift in Sources */ = {isa = PBXBuildFile; fileRef = 7085F7C7258FBD8800C74FFA /* HomeViewModel.swift */; };
		70A72B2A258CFDAE00A37450 /* LaunchScreen.storyboard in Resources */ = {isa = PBXBuildFile; fileRef = 70A72B28258CFDAE00A37450 /* LaunchScreen.storyboard */; };
		70A72B25258CFDAC00A37450 /* Main.storyboard in Resources */ = {isa = PBXBuildFile; fileRef = 70A72B23258CFDAC00A37450 /* Main.storyboard */; };
		E2937BAA781F744D3C4B4128 /* Pods_WatchBloggeriOS.framework in Frameworks */ = {isa = PBXBuildFile; fileRef = 63ADF37407BE280BD377C317 /* Pods_WatchBloggeriOS.framework */; };
		64900F488BF2F5F291EA96FD /* Pods_WatchBloggeriOSTests.framework in Frameworks */ = {isa = PBXBuildFile; fileRef = E9A62EF530D209768A1F1AA3 /* Pods_WatchBloggeriOSTests.framework */; };
		70A72B20258CFDAC00A37450 /* SceneDelegate.swift in Sources */ = {isa = PBXBuildFile; fileRef = 70A72B1F258CFDAC00A37450 /* SceneDelegate.swift */; };
		7085F7C2258FBD3400C74FFA /* SwinjectStoryboard+Extension.swift in Sources */ = {isa = PBXBuildFile; fileRef = 7085F7C1258FBD3400C74FFA /* SwinjectStoryboard+Extension.swift */; };
		706B4D26258F511A004D9DD0 /* ViewControllerSpec.swift in Sources */ = {isa = PBXBuildFile; fileRef = 706B4D25258F511A004D9DD0 /* ViewControllerSpec.swift */; };
		7085F7BD258FBCC900C74FFA /* WatchArticles.swift in Sources */ = {isa = PBXBuildFile; fileRef = 7085F7BC258FBCC900C74FFA /* WatchArticles.swift */; };
/* End PBXBuildFile section */

/* Begin PBXContainerItemProxy section */
		70A72B31258CFDAF00A37450 /* PBXContainerItemProxy */ = {
			isa = PBXContainerItemProxy;
			containerPortal = 70A72B12258CFDAB00A37450 /* Project object */;
			proxyType = 1;
			remoteGlobalIDString = 70A72B19258CFDAC00A37450;
			remoteInfo = WatchBloggeriOS;
		};
/* End PBXContainerItemProxy section */

/* Begin PBXFileReference section */
		7085F7D0258FBE8800C74FFA /* ApiProvider.swift */ = {isa = PBXFileReference; fileEncoding = 4; lastKnownFileType = sourcecode.swift; path = ApiProvider.swift; sourceTree = "<group>"; };
		7085F7D1258FBE8900C74FFA /* ApiProviderProtocol.swift */ = {isa = PBXFileReference; fileEncoding = 4; lastKnownFileType = sourcecode.swift; path = ApiProviderProtocol.swift; sourceTree = "<group>"; };
		70A72B1D258CFDAC00A37450 /* AppDelegate.swift */ = {isa = PBXFileReference; lastKnownFileType = sourcecode.swift; path = AppDelegate.swift; sourceTree = "<group>"; };
		704D709C258FDC16008299C9 /* ArticlesDataSource.swift */ = {isa = PBXFileReference; lastKnownFileType = sourcecode.swift; path = ArticlesDataSource.swift; sourceTree = "<group>"; };
		70A72B26258CFDAE00A37450 /* Assets.xcassets */ = {isa = PBXFileReference; lastKnownFileType = folder.assetcatalog; path = Assets.xcassets; sourceTree = "<group>"; };
		70A72B24258CFDAC00A37450 /* Base */ = {isa = PBXFileReference; lastKnownFileType = file.storyboard; name = Base; path = Base.lproj/Main.storyboard; sourceTree = "<group>"; };
		70A72B29258CFDAE00A37450 /* Base */ = {isa = PBXFileReference; lastKnownFileType = file.storyboard; name = Base; path = Base.lproj/LaunchScreen.storyboard; sourceTree = "<group>"; };
		70A72B21258CFDAC00A37450 /* HomeViewController.swift */ = {isa = PBXFileReference; lastKnownFileType = sourcecode.swift; path = HomeViewController.swift; sourceTree = "<group>"; };
		7085F7C7258FBD8800C74FFA /* HomeViewModel.swift */ = {isa = PBXFileReference; lastKnownFileType = sourcecode.swift; path = HomeViewModel.swift; sourceTree = "<group>"; };
		70A72B2B258CFDAE00A37450 /* Info.plist */ = {isa = PBXFileReference; lastKnownFileType = text.plist.xml; path = Info.plist; sourceTree = "<group>"; };
		70A72B36258CFDAF00A37450 /* Info.plist */ = {isa = PBXFileReference; lastKnownFileType = text.plist.xml; path = Info.plist; sourceTree = "<group>"; };
		20C0F60483D37F121E788F0A /* Pods-WatchBloggeriOS-WatchBloggeriOSUITests.debug.xcconfig */ = {isa = PBXFileReference; includeInIndex = 1; lastKnownFileType = text.xcconfig; name = "Pods-WatchBloggeriOS-WatchBloggeriOSUITests.debug.xcconfig"; path = "Target Support Files/Pods-WatchBloggeriOS-WatchBloggeriOSUITests/Pods-WatchBloggeriOS-WatchBloggeriOSUITests.debug.xcconfig"; sourceTree = "<group>"; };
		9173275743AABA7132176F28 /* Pods-WatchBloggeriOS-WatchBloggeriOSUITests.release.xcconfig */ = {isa = PBXFileReference; includeInIndex = 1; lastKnownFileType = text.xcconfig; name = "Pods-WatchBloggeriOS-WatchBloggeriOSUITests.release.xcconfig"; path = "Target Support Files/Pods-WatchBloggeriOS-WatchBloggeriOSUITests/Pods-WatchBloggeriOS-WatchBloggeriOSUITests.release.xcconfig"; sourceTree = "<group>"; };
		62119E6573A6FB1FF038307F /* Pods-WatchBloggeriOS.debug.xcconfig */ = {isa = PBXFileReference; includeInIndex = 1; lastKnownFileType = text.xcconfig; name = "Pods-WatchBloggeriOS.debug.xcconfig"; path = "Target Support Files/Pods-WatchBloggeriOS/Pods-WatchBloggeriOS.debug.xcconfig"; sourceTree = "<group>"; };
		C0B293780F41F20E39B996A3 /* Pods-WatchBloggeriOS.release.xcconfig */ = {isa = PBXFileReference; includeInIndex = 1; lastKnownFileType = text.xcconfig; name = "Pods-WatchBloggeriOS.release.xcconfig"; path = "Target Support Files/Pods-WatchBloggeriOS/Pods-WatchBloggeriOS.release.xcconfig"; sourceTree = "<group>"; };
		24652BA15FC7D1C7EE3EFAD7 /* Pods-WatchBloggeriOSTests.debug.xcconfig */ = {isa = PBXFileReference; includeInIndex = 1; lastKnownFileType = text.xcconfig; name = "Pods-WatchBloggeriOSTests.debug.xcconfig"; path = "Target Support Files/Pods-WatchBloggeriOSTests/Pods-WatchBloggeriOSTests.debug.xcconfig"; sourceTree = "<group>"; };
		C6F6521C24BEC684DE6EDC8B /* Pods-WatchBloggeriOSTests.release.xcconfig */ = {isa = PBXFileReference; includeInIndex = 1; lastKnownFileType = text.xcconfig; name = "Pods-WatchBloggeriOSTests.release.xcconfig"; path = "Target Support Files/Pods-WatchBloggeriOSTests/Pods-WatchBloggeriOSTests.release.xcconfig"; sourceTree = "<group>"; };
		63ADF37407BE280BD377C317 /* Pods_WatchBloggeriOS.framework */ = {isa = PBXFileReference; explicitFileType = wrapper.framework; includeInIndex = 0; path = Pods_WatchBloggeriOS.framework; sourceTree = BUILT_PRODUCTS_DIR; };
		E9A62EF530D209768A1F1AA3 /* Pods_WatchBloggeriOSTests.framework */ = {isa = PBXFileReference; explicitFileType = wrapper.framework; includeInIndex = 0; path = Pods_WatchBloggeriOSTests.framework; sourceTree = BUILT_PRODUCTS_DIR; };
		E801C0EBFBA021EDC2772B4B /* Pods_WatchBloggeriOS_WatchBloggeriOSUITests.framework */ = {isa = PBXFileReference; explicitFileType = wrapper.framework; includeInIndex = 0; path = Pods_WatchBloggeriOS_WatchBloggeriOSUITests.framework; sourceTree = BUILT_PRODUCTS_DIR; };
		70A72B1F258CFDAC00A37450 /* SceneDelegate.swift */ = {isa = PBXFileReference; lastKnownFileType = sourcecode.swift; path = SceneDelegate.swift; sourceTree = "<group>"; };
		7085F7C1258FBD3400C74FFA /* SwinjectStoryboard+Extension.swift */ = {isa = PBXFileReference; lastKnownFileType = sourcecode.swift; path = "SwinjectStoryboard+Extension.swift"; sourceTree = "<group>"; };
		706B4D25258F511A004D9DD0 /* ViewControllerSpec.swift */ = {isa = PBXFileReference; lastKnownFileType = sourcecode.swift; path = ViewControllerSpec.swift; sourceTree = "<group>"; };
		7085F7BC258FBCC900C74FFA /* WatchArticles.swift */ = {isa = PBXFileReference; lastKnownFileType = sourcecode.swift; path = WatchArticles.swift; sourceTree = "<group>"; };
		70A72B1A258CFDAC00A37450 /* WatchBloggeriOS.app */ = {isa = PBXFileReference; explicitFileType = wrapper.application; includeInIndex = 0; path = WatchBloggeriOS.app; sourceTree = BUILT_PRODUCTS_DIR; };
		70A72B30258CFDAF00A37450 /* WatchBloggeriOSTests.xctest */ = {isa = PBXFileReference; explicitFileType = wrapper.cfbundle; includeInIndex = 0; path = WatchBloggeriOSTests.xctest; sourceTree = BUILT_PRODUCTS_DIR; };
/* End PBXFileReference section */

/* Begin PBXFrameworksBuildPhase section */
		70A72B17258CFDAC00A37450 /* Frameworks */ = {
			isa = PBXFrameworksBuildPhase;
			buildActionMask = 2147483647;
			files = (
				E2937BAA781F744D3C4B4128 /* Pods_WatchBloggeriOS.framework in Frameworks */,
			);
			runOnlyForDeploymentPostprocessing = 0;
		};
		70A72B2D258CFDAF00A37450 /* Frameworks */ = {
			isa = PBXFrameworksBuildPhase;
			buildActionMask = 2147483647;
			files = (
				64900F488BF2F5F291EA96FD /* Pods_WatchBloggeriOSTests.framework in Frameworks */,
			);
			runOnlyForDeploymentPostprocessing = 0;
		};
/* End PBXFrameworksBuildPhase section */

/* Begin PBXGroup section */
		4B6BBA438E7736AF512B399B /* Pods */ = {
			isa = PBXGroup;
			children = (
				20C0F60483D37F121E788F0A /* Pods-WatchBloggeriOS-WatchBloggeriOSUITests.debug.xcconfig */,
				9173275743AABA7132176F28 /* Pods-WatchBloggeriOS-WatchBloggeriOSUITests.release.xcconfig */,
				62119E6573A6FB1FF038307F /* Pods-WatchBloggeriOS.debug.xcconfig */,
				C0B293780F41F20E39B996A3 /* Pods-WatchBloggeriOS.release.xcconfig */,
				24652BA15FC7D1C7EE3EFAD7 /* Pods-WatchBloggeriOSTests.debug.xcconfig */,
				C6F6521C24BEC684DE6EDC8B /* Pods-WatchBloggeriOSTests.release.xcconfig */,
			);
			path = Pods;
			sourceTree = "<group>";
		};
		7085F7C0258FBD1D00C74FFA /* DI */ = {
			isa = PBXGroup;
			children = (
				7085F7C1258FBD3400C74FFA /* SwinjectStoryboard+Extension.swift */,
			);
			path = DI;
			sourceTree = "<group>";
		};
		7085F7C5258FBD5D00C74FFA /* Views */ = {
			isa = PBXGroup;
			children = (
				7085F7C6258FBD6D00C74FFA /* Home */,
			);
			path = Views;
			sourceTree = "<group>";
		};
		7085F7C6258FBD6D00C74FFA /* Home */ = {
			isa = PBXGroup;
			children = (
				704D709C258FDC16008299C9 /* ArticlesDataSource.swift */,
				70A72B21258CFDAC00A37450 /* HomeViewController.swift */,
				7085F7C7258FBD8800C74FFA /* HomeViewModel.swift */,
			);
			path = Home;
			sourceTree = "<group>";
		};
		7085F7CF258FBE6F00C74FFA /* Repository */ = {
			isa = PBXGroup;
			children = (
				7085F7D0258FBE8800C74FFA /* ApiProvider.swift */,
				7085F7D1258FBE8900C74FFA /* ApiProviderProtocol.swift */,
			);
			path = Repository;
			sourceTree = "<group>";
		};
		7085F7D6258FC5C400C74FFA /* Models */ = {
			isa = PBXGroup;
			children = (
				7085F7BC258FBCC900C74FFA /* WatchArticles.swift */,
			);
			path = Models;
			sourceTree = "<group>";
		};
		70A72B11258CFDAB00A37450 = {
			isa = PBXGroup;
			children = (
				C21CFF01E704ADA973C61E77 /* Frameworks */,
				4B6BBA438E7736AF512B399B /* Pods */,
				70A72B1B258CFDAC00A37450 /* Products */,
				70A72B1C258CFDAC00A37450 /* WatchBloggeriOS */,
				70A72B33258CFDAF00A37450 /* WatchBloggeriOSTests */,
			);
			sourceTree = "<group>";
		};
		70A72B1B258CFDAC00A37450 /* Products */ = {
			isa = PBXGroup;
			children = (
				70A72B1A258CFDAC00A37450 /* WatchBloggeriOS.app */,
				70A72B30258CFDAF00A37450 /* WatchBloggeriOSTests.xctest */,
			);
			name = Products;
			sourceTree = "<group>";
		};
		70A72B1C258CFDAC00A37450 /* WatchBloggeriOS */ = {
			isa = PBXGroup;
			children = (
				7085F7C0258FBD1D00C74FFA /* DI */,
				7085F7D6258FC5C400C74FFA /* Models */,
				7085F7CF258FBE6F00C74FFA /* Repository */,
				7085F7C5258FBD5D00C74FFA /* Views */,
				70A72B1D258CFDAC00A37450 /* AppDelegate.swift */,
				70A72B26258CFDAE00A37450 /* Assets.xcassets */,
				70A72B2B258CFDAE00A37450 /* Info.plist */,
				70A72B28258CFDAE00A37450 /* LaunchScreen.storyboard */,
				70A72B23258CFDAC00A37450 /* Main.storyboard */,
				70A72B1F258CFDAC00A37450 /* SceneDelegate.swift */,
			);
			path = WatchBloggeriOS;
			sourceTree = "<group>";
		};
		70A72B33258CFDAF00A37450 /* WatchBloggeriOSTests */ = {
			isa = PBXGroup;
			children = (
				70A72B36258CFDAF00A37450 /* Info.plist */,
				706B4D25258F511A004D9DD0 /* ViewControllerSpec.swift */,
			);
			path = WatchBloggeriOSTests;
			sourceTree = "<group>";
		};
		C21CFF01E704ADA973C61E77 /* Frameworks */ = {
			isa = PBXGroup;
			children = (
				63ADF37407BE280BD377C317 /* Pods_WatchBloggeriOS.framework */,
				E9A62EF530D209768A1F1AA3 /* Pods_WatchBloggeriOSTests.framework */,
				E801C0EBFBA021EDC2772B4B /* Pods_WatchBloggeriOS_WatchBloggeriOSUITests.framework */,
			);
			name = Frameworks;
			sourceTree = "<group>";
		};
/* End PBXGroup section */

/* Begin PBXNativeTarget section */
		70A72B19258CFDAC00A37450 /* WatchBloggeriOS */ = {
			isa = PBXNativeTarget;
			buildConfigurationList = 70A72B44258CFDAF00A37450 /* Build configuration list for PBXNativeTarget "WatchBloggeriOS" */;
			buildPhases = (
				FB1DC1131BE873B4C7A8F8F4 /* [CP] Check Pods Manifest.lock */,
				706B4D07258D1054004D9DD0 /* ShellScript */,
				70A72B16258CFDAC00A37450 /* Sources */,
				70A72B17258CFDAC00A37450 /* Frameworks */,
				70A72B18258CFDAC00A37450 /* Resources */,
				AA4B2B4A37A67169BC1E8D6B /* [CP] Embed Pods Frameworks */,
			);
			buildRules = (
			);
			dependencies = (
			);
			name = WatchBloggeriOS;
			productName = WatchBloggeriOS;
			productReference = 70A72B1A258CFDAC00A37450 /* WatchBloggeriOS.app */;
			productType = "com.apple.product-type.application";
		};
		70A72B2F258CFDAF00A37450 /* WatchBloggeriOSTests */ = {
			isa = PBXNativeTarget;
			buildConfigurationList = 70A72B47258CFDAF00A37450 /* Build configuration list for PBXNativeTarget "WatchBloggeriOSTests" */;
			buildPhases = (
				C4356E21B08A28A80A146E53 /* [CP] Check Pods Manifest.lock */,
				70A72B2C258CFDAF00A37450 /* Sources */,
				70A72B2D258CFDAF00A37450 /* Frameworks */,
				70A72B2E258CFDAF00A37450 /* Resources */,
				056DC6055297041F58A90EA7 /* [CP] Embed Pods Frameworks */,
			);
			buildRules = (
			);
			dependencies = (
				70A72B32258CFDAF00A37450 /* PBXTargetDependency */,
			);
			name = WatchBloggeriOSTests;
			productName = WatchBloggeriOSTests;
			productReference = 70A72B30258CFDAF00A37450 /* WatchBloggeriOSTests.xctest */;
			productType = "com.apple.product-type.bundle.unit-test";
		};
/* End PBXNativeTarget section */

/* Begin PBXProject section */
		70A72B12258CFDAB00A37450 /* Project object */ = {
			isa = PBXProject;
			attributes = {
				LastSwiftUpdateCheck = 1230;
				LastUpgradeCheck = 1230;
				TargetAttributes = {
					70A72B19258CFDAC00A37450 = {
						CreatedOnToolsVersion = 12.3;
					};
					70A72B2F258CFDAF00A37450 = {
						CreatedOnToolsVersion = 12.3;
						TestTargetID = 70A72B19258CFDAC00A37450;
					};
				};
			};
			buildConfigurationList = 70A72B15258CFDAB00A37450 /* Build configuration list for PBXProject "WatchBloggeriOS" */;
			compatibilityVersion = "Xcode 9.3";
			developmentRegion = en;
			hasScannedForEncodings = 0;
			knownRegions = (
				en,
				Base,
			);
			mainGroup = 70A72B11258CFDAB00A37450;
			productRefGroup = 70A72B1B258CFDAC00A37450 /* Products */;
			projectDirPath = "";
			projectRoot = "";
			targets = (
				70A72B19258CFDAC00A37450 /* WatchBloggeriOS */,
				70A72B2F258CFDAF00A37450 /* WatchBloggeriOSTests */,
			);
		};
/* End PBXProject section */

/* Begin PBXResourcesBuildPhase section */
		70A72B18258CFDAC00A37450 /* Resources */ = {
			isa = PBXResourcesBuildPhase;
			buildActionMask = 2147483647;
			files = (
				70A72B27258CFDAE00A37450 /* Assets.xcassets in Resources */,
				70A72B2A258CFDAE00A37450 /* LaunchScreen.storyboard in Resources */,
				70A72B25258CFDAC00A37450 /* Main.storyboard in Resources */,
			);
			runOnlyForDeploymentPostprocessing = 0;
		};
		70A72B2E258CFDAF00A37450 /* Resources */ = {
			isa = PBXResourcesBuildPhase;
			buildActionMask = 2147483647;
			files = (
			);
			runOnlyForDeploymentPostprocessing = 0;
		};
/* End PBXResourcesBuildPhase section */

/* Begin PBXShellScriptBuildPhase section */
		056DC6055297041F58A90EA7 /* [CP] Embed Pods Frameworks */ = {
			isa = PBXShellScriptBuildPhase;
			buildActionMask = 2147483647;
			files = (
			);
			inputFileListPaths = (
				"${PODS_ROOT}/Target Support Files/Pods-WatchBloggeriOSTests/Pods-WatchBloggeriOSTests-frameworks-${CONFIGURATION}-input-files.xcfilelist",
			);
			name = "[CP] Embed Pods Frameworks";
			outputFileListPaths = (
				"${PODS_ROOT}/Target Support Files/Pods-WatchBloggeriOSTests/Pods-WatchBloggeriOSTests-frameworks-${CONFIGURATION}-output-files.xcfilelist",
			);
			runOnlyForDeploymentPostprocessing = 0;
			shellPath = /bin/sh;
			shellScript = "\"${PODS_ROOT}/Target Support Files/Pods-WatchBloggeriOSTests/Pods-WatchBloggeriOSTests-frameworks.sh\"\n";
			showEnvVarsInLog = 0;
		};
		706B4D07258D1054004D9DD0 /* ShellScript */ = {
			isa = PBXShellScriptBuildPhase;
			buildActionMask = 2147483647;
			files = (
			);
			inputFileListPaths = (
			);
			inputPaths = (
			);
			outputFileListPaths = (
			);
			outputPaths = (
			);
			runOnlyForDeploymentPostprocessing = 0;
			shellPath = /bin/sh;
			shellScript = "\"${PODS_ROOT}/SwiftLint/swiftlint\"\n";
		};
		AA4B2B4A37A67169BC1E8D6B /* [CP] Embed Pods Frameworks */ = {
			isa = PBXShellScriptBuildPhase;
			buildActionMask = 2147483647;
			files = (
			);
			inputFileListPaths = (
				"${PODS_ROOT}/Target Support Files/Pods-WatchBloggeriOS/Pods-WatchBloggeriOS-frameworks-${CONFIGURATION}-input-files.xcfilelist",
			);
			name = "[CP] Embed Pods Frameworks";
			outputFileListPaths = (
				"${PODS_ROOT}/Target Support Files/Pods-WatchBloggeriOS/Pods-WatchBloggeriOS-frameworks-${CONFIGURATION}-output-files.xcfilelist",
			);
			runOnlyForDeploymentPostprocessing = 0;
			shellPath = /bin/sh;
			shellScript = "\"${PODS_ROOT}/Target Support Files/Pods-WatchBloggeriOS/Pods-WatchBloggeriOS-frameworks.sh\"\n";
			showEnvVarsInLog = 0;
		};
		C4356E21B08A28A80A146E53 /* [CP] Check Pods Manifest.lock */ = {
			isa = PBXShellScriptBuildPhase;
			buildActionMask = 2147483647;
			files = (
			);
			inputFileListPaths = (
			);
			inputPaths = (
				"${PODS_PODFILE_DIR_PATH}/Podfile.lock",
				"${PODS_ROOT}/Manifest.lock",
			);
			name = "[CP] Check Pods Manifest.lock";
			outputFileListPaths = (
			);
			outputPaths = (
				"$(DERIVED_FILE_DIR)/Pods-WatchBloggeriOSTests-checkManifestLockResult.txt",
			);
			runOnlyForDeploymentPostprocessing = 0;
			shellPath = /bin/sh;
			shellScript = "diff \"${PODS_PODFILE_DIR_PATH}/Podfile.lock\" \"${PODS_ROOT}/Manifest.lock\" > /dev/null\nif [ $? != 0 ] ; then\n    # print error to STDERR\n    echo \"error: The sandbox is not in sync with the Podfile.lock. Run 'pod install' or update your CocoaPods installation.\" >&2\n    exit 1\nfi\n# This output is used by Xcode 'outputs' to avoid re-running this script phase.\necho \"SUCCESS\" > \"${SCRIPT_OUTPUT_FILE_0}\"\n";
			showEnvVarsInLog = 0;
		};
		FB1DC1131BE873B4C7A8F8F4 /* [CP] Check Pods Manifest.lock */ = {
			isa = PBXShellScriptBuildPhase;
			buildActionMask = 2147483647;
			files = (
			);
			inputFileListPaths = (
			);
			inputPaths = (
				"${PODS_PODFILE_DIR_PATH}/Podfile.lock",
				"${PODS_ROOT}/Manifest.lock",
			);
			name = "[CP] Check Pods Manifest.lock";
			outputFileListPaths = (
			);
			outputPaths = (
				"$(DERIVED_FILE_DIR)/Pods-WatchBloggeriOS-checkManifestLockResult.txt",
			);
			runOnlyForDeploymentPostprocessing = 0;
			shellPath = /bin/sh;
			shellScript = "diff \"${PODS_PODFILE_DIR_PATH}/Podfile.lock\" \"${PODS_ROOT}/Manifest.lock\" > /dev/null\nif [ $? != 0 ] ; then\n    # print error to STDERR\n    echo \"error: The sandbox is not in sync with the Podfile.lock. Run 'pod install' or update your CocoaPods installation.\" >&2\n    exit 1\nfi\n# This output is used by Xcode 'outputs' to avoid re-running this script phase.\necho \"SUCCESS\" > \"${SCRIPT_OUTPUT_FILE_0}\"\n";
			showEnvVarsInLog = 0;
		};
/* End PBXShellScriptBuildPhase section */

/* Begin PBXSourcesBuildPhase section */
		70A72B16258CFDAC00A37450 /* Sources */ = {
			isa = PBXSourcesBuildPhase;
			buildActionMask = 2147483647;
			files = (
				7085F7D2258FBE8900C74FFA /* ApiProvider.swift in Sources */,
				7085F7D3258FBE8900C74FFA /* ApiProviderProtocol.swift in Sources */,
				70A72B1E258CFDAC00A37450 /* AppDelegate.swift in Sources */,
				704D709D258FDC16008299C9 /* ArticlesDataSource.swift in Sources */,
				70A72B22258CFDAC00A37450 /* HomeViewController.swift in Sources */,
				7085F7C8258FBD8800C74FFA /* HomeViewModel.swift in Sources */,
				70A72B20258CFDAC00A37450 /* SceneDelegate.swift in Sources */,
				7085F7C2258FBD3400C74FFA /* SwinjectStoryboard+Extension.swift in Sources */,
				7085F7BD258FBCC900C74FFA /* WatchArticles.swift in Sources */,
			);
			runOnlyForDeploymentPostprocessing = 0;
		};
		70A72B2C258CFDAF00A37450 /* Sources */ = {
			isa = PBXSourcesBuildPhase;
			buildActionMask = 2147483647;
			files = (
				706B4D26258F511A004D9DD0 /* ViewControllerSpec.swift in Sources */,
			);
			runOnlyForDeploymentPostprocessing = 0;
		};
/* End PBXSourcesBuildPhase section */

/* Begin PBXTargetDependency section */
		70A72B32258CFDAF00A37450 /* PBXTargetDependency */ = {
			isa = PBXTargetDependency;
			target = 70A72B19258CFDAC00A37450 /* WatchBloggeriOS */;
			targetProxy = 70A72B31258CFDAF00A37450 /* PBXContainerItemProxy */;
		};
/* End PBXTargetDependency section */

/* Begin PBXVariantGroup section */
		70A72B23258CFDAC00A37450 /* Main.storyboard */ = {
			isa = PBXVariantGroup;
			children = (
				70A72B24258CFDAC00A37450 /* Base */,
			);
			name = Main.storyboard;
			sourceTree = "<group>";
		};
		70A72B28258CFDAE00A37450 /* LaunchScreen.storyboard */ = {
			isa = PBXVariantGroup;
			children = (
				70A72B29258CFDAE00A37450 /* Base */,
			);
			name = LaunchScreen.storyboard;
			sourceTree = "<group>";
		};
/* End PBXVariantGroup section */

/* Begin XCBuildConfiguration section */
		70A72B42258CFDAF00A37450 /* Debug */ = {
			isa = XCBuildConfiguration;
			buildSettings = {
				ALWAYS_SEARCH_USER_PATHS = NO;
				CLANG_ANALYZER_NONNULL = YES;
				CLANG_ANALYZER_NUMBER_OBJECT_CONVERSION = YES_AGGRESSIVE;
				CLANG_CXX_LANGUAGE_STANDARD = "gnu++14";
				CLANG_CXX_LIBRARY = "libc++";
				CLANG_ENABLE_MODULES = YES;
				CLANG_ENABLE_OBJC_ARC = YES;
				CLANG_ENABLE_OBJC_WEAK = YES;
				CLANG_WARN_BLOCK_CAPTURE_AUTORELEASING = YES;
				CLANG_WARN_BOOL_CONVERSION = YES;
				CLANG_WARN_COMMA = YES;
				CLANG_WARN_CONSTANT_CONVERSION = YES;
				CLANG_WARN_DEPRECATED_OBJC_IMPLEMENTATIONS = YES;
				CLANG_WARN_DIRECT_OBJC_ISA_USAGE = YES_ERROR;
				CLANG_WARN_DOCUMENTATION_COMMENTS = YES;
				CLANG_WARN_EMPTY_BODY = YES;
				CLANG_WARN_ENUM_CONVERSION = YES;
				CLANG_WARN_INFINITE_RECURSION = YES;
				CLANG_WARN_INT_CONVERSION = YES;
				CLANG_WARN_NON_LITERAL_NULL_CONVERSION = YES;
				CLANG_WARN_OBJC_IMPLICIT_RETAIN_SELF = YES;
				CLANG_WARN_OBJC_LITERAL_CONVERSION = YES;
				CLANG_WARN_OBJC_ROOT_CLASS = YES_ERROR;
				CLANG_WARN_QUOTED_INCLUDE_IN_FRAMEWORK_HEADER = YES;
				CLANG_WARN_RANGE_LOOP_ANALYSIS = YES;
				CLANG_WARN_STRICT_PROTOTYPES = YES;
				CLANG_WARN_SUSPICIOUS_MOVE = YES;
				CLANG_WARN_UNGUARDED_AVAILABILITY = YES_AGGRESSIVE;
				CLANG_WARN_UNREACHABLE_CODE = YES;
				CLANG_WARN__DUPLICATE_METHOD_MATCH = YES;
				COPY_PHASE_STRIP = NO;
				DEBUG_INFORMATION_FORMAT = dwarf;
				ENABLE_STRICT_OBJC_MSGSEND = YES;
				ENABLE_TESTABILITY = YES;
				GCC_C_LANGUAGE_STANDARD = gnu11;
				GCC_DYNAMIC_NO_PIC = NO;
				GCC_NO_COMMON_BLOCKS = YES;
				GCC_OPTIMIZATION_LEVEL = 0;
				GCC_PREPROCESSOR_DEFINITIONS = (
					"DEBUG=1",
					"$(inherited)",
				);
				GCC_WARN_64_TO_32_BIT_CONVERSION = YES;
				GCC_WARN_ABOUT_RETURN_TYPE = YES_ERROR;
				GCC_WARN_UNDECLARED_SELECTOR = YES;
				GCC_WARN_UNINITIALIZED_AUTOS = YES_AGGRESSIVE;
				GCC_WARN_UNUSED_FUNCTION = YES;
				GCC_WARN_UNUSED_VARIABLE = YES;
				IPHONEOS_DEPLOYMENT_TARGET = 14.3;
				MTL_ENABLE_DEBUG_INFO = INCLUDE_SOURCE;
				MTL_FAST_MATH = YES;
				ONLY_ACTIVE_ARCH = YES;
				SDKROOT = iphoneos;
				SWIFT_ACTIVE_COMPILATION_CONDITIONS = DEBUG;
				SWIFT_OPTIMIZATION_LEVEL = "-Onone";
			};
			name = Debug;
		};
		70A72B43258CFDAF00A37450 /* Release */ = {
			isa = XCBuildConfiguration;
			buildSettings = {
				ALWAYS_SEARCH_USER_PATHS = NO;
				CLANG_ANALYZER_NONNULL = YES;
				CLANG_ANALYZER_NUMBER_OBJECT_CONVERSION = YES_AGGRESSIVE;
				CLANG_CXX_LANGUAGE_STANDARD = "gnu++14";
				CLANG_CXX_LIBRARY = "libc++";
				CLANG_ENABLE_MODULES = YES;
				CLANG_ENABLE_OBJC_ARC = YES;
				CLANG_ENABLE_OBJC_WEAK = YES;
				CLANG_WARN_BLOCK_CAPTURE_AUTORELEASING = YES;
				CLANG_WARN_BOOL_CONVERSION = YES;
				CLANG_WARN_COMMA = YES;
				CLANG_WARN_CONSTANT_CONVERSION = YES;
				CLANG_WARN_DEPRECATED_OBJC_IMPLEMENTATIONS = YES;
				CLANG_WARN_DIRECT_OBJC_ISA_USAGE = YES_ERROR;
				CLANG_WARN_DOCUMENTATION_COMMENTS = YES;
				CLANG_WARN_EMPTY_BODY = YES;
				CLANG_WARN_ENUM_CONVERSION = YES;
				CLANG_WARN_INFINITE_RECURSION = YES;
				CLANG_WARN_INT_CONVERSION = YES;
				CLANG_WARN_NON_LITERAL_NULL_CONVERSION = YES;
				CLANG_WARN_OBJC_IMPLICIT_RETAIN_SELF = YES;
				CLANG_WARN_OBJC_LITERAL_CONVERSION = YES;
				CLANG_WARN_OBJC_ROOT_CLASS = YES_ERROR;
				CLANG_WARN_QUOTED_INCLUDE_IN_FRAMEWORK_HEADER = YES;
				CLANG_WARN_RANGE_LOOP_ANALYSIS = YES;
				CLANG_WARN_STRICT_PROTOTYPES = YES;
				CLANG_WARN_SUSPICIOUS_MOVE = YES;
				CLANG_WARN_UNGUARDED_AVAILABILITY = YES_AGGRESSIVE;
				CLANG_WARN_UNREACHABLE_CODE = YES;
				CLANG_WARN__DUPLICATE_METHOD_MATCH = YES;
				COPY_PHASE_STRIP = NO;
				DEBUG_INFORMATION_FORMAT = "dwarf-with-dsym";
				ENABLE_NS_ASSERTIONS = NO;
				ENABLE_STRICT_OBJC_MSGSEND = YES;
				GCC_C_LANGUAGE_STANDARD = gnu11;
				GCC_NO_COMMON_BLOCKS = YES;
				GCC_WARN_64_TO_32_BIT_CONVERSION = YES;
				GCC_WARN_ABOUT_RETURN_TYPE = YES_ERROR;
				GCC_WARN_UNDECLARED_SELECTOR = YES;
				GCC_WARN_UNINITIALIZED_AUTOS = YES_AGGRESSIVE;
				GCC_WARN_UNUSED_FUNCTION = YES;
				GCC_WARN_UNUSED_VARIABLE = YES;
				IPHONEOS_DEPLOYMENT_TARGET = 14.3;
				MTL_ENABLE_DEBUG_INFO = NO;
				MTL_FAST_MATH = YES;
				SDKROOT = iphoneos;
				SWIFT_COMPILATION_MODE = wholemodule;
				SWIFT_OPTIMIZATION_LEVEL = "-O";
				VALIDATE_PRODUCT = YES;
			};
			name = Release;
		};
		70A72B45258CFDAF00A37450 /* Debug */ = {
			isa = XCBuildConfiguration;
			baseConfigurationReference = 62119E6573A6FB1FF038307F /* Pods-WatchBloggeriOS.debug.xcconfig */;
			buildSettings = {
				ASSETCATALOG_COMPILER_APPICON_NAME = AppIcon;
				ASSETCATALOG_COMPILER_GLOBAL_ACCENT_COLOR_NAME = AccentColor;
				CODE_SIGN_STYLE = Automatic;
				DEVELOPMENT_TEAM = SV8UVMH5Y8;
				INFOPLIST_FILE = WatchBloggeriOS/Info.plist;
				LD_RUNPATH_SEARCH_PATHS = (
					"$(inherited)",
					"@executable_path/Frameworks",
				);
				PRODUCT_BUNDLE_IDENTIFIER = fireland.WatchBloggeriOS;
				PRODUCT_NAME = "$(TARGET_NAME)";
				SWIFT_VERSION = 5.0;
				TARGETED_DEVICE_FAMILY = "1,2";
			};
			name = Debug;
		};
		70A72B46258CFDAF00A37450 /* Release */ = {
			isa = XCBuildConfiguration;
			baseConfigurationReference = C0B293780F41F20E39B996A3 /* Pods-WatchBloggeriOS.release.xcconfig */;
			buildSettings = {
				ASSETCATALOG_COMPILER_APPICON_NAME = AppIcon;
				ASSETCATALOG_COMPILER_GLOBAL_ACCENT_COLOR_NAME = AccentColor;
				CODE_SIGN_STYLE = Automatic;
				DEVELOPMENT_TEAM = SV8UVMH5Y8;
				INFOPLIST_FILE = WatchBloggeriOS/Info.plist;
				LD_RUNPATH_SEARCH_PATHS = (
					"$(inherited)",
					"@executable_path/Frameworks",
				);
				PRODUCT_BUNDLE_IDENTIFIER = fireland.WatchBloggeriOS;
				PRODUCT_NAME = "$(TARGET_NAME)";
				SWIFT_VERSION = 5.0;
				TARGETED_DEVICE_FAMILY = "1,2";
			};
			name = Release;
		};
		70A72B48258CFDAF00A37450 /* Debug */ = {
			isa = XCBuildConfiguration;
			baseConfigurationReference = 24652BA15FC7D1C7EE3EFAD7 /* Pods-WatchBloggeriOSTests.debug.xcconfig */;
			buildSettings = {
				ALWAYS_EMBED_SWIFT_STANDARD_LIBRARIES = YES;
				BUNDLE_LOADER = "$(TEST_HOST)";
				CODE_SIGN_STYLE = Automatic;
				DEVELOPMENT_TEAM = SV8UVMH5Y8;
				INFOPLIST_FILE = WatchBloggeriOSTests/Info.plist;
				IPHONEOS_DEPLOYMENT_TARGET = 14.3;
				LD_RUNPATH_SEARCH_PATHS = (
					"$(inherited)",
					"@executable_path/Frameworks",
					"@loader_path/Frameworks",
				);
				PRODUCT_BUNDLE_IDENTIFIER = fireland.WatchBloggeriOSTests;
				PRODUCT_NAME = "$(TARGET_NAME)";
				SWIFT_VERSION = 5.0;
				TARGETED_DEVICE_FAMILY = "1,2";
				TEST_HOST = "$(BUILT_PRODUCTS_DIR)/WatchBloggeriOS.app/WatchBloggeriOS";
			};
			name = Debug;
		};
		70A72B49258CFDAF00A37450 /* Release */ = {
			isa = XCBuildConfiguration;
			baseConfigurationReference = C6F6521C24BEC684DE6EDC8B /* Pods-WatchBloggeriOSTests.release.xcconfig */;
			buildSettings = {
				ALWAYS_EMBED_SWIFT_STANDARD_LIBRARIES = YES;
				BUNDLE_LOADER = "$(TEST_HOST)";
				CODE_SIGN_STYLE = Automatic;
				DEVELOPMENT_TEAM = SV8UVMH5Y8;
				INFOPLIST_FILE = WatchBloggeriOSTests/Info.plist;
				IPHONEOS_DEPLOYMENT_TARGET = 14.3;
				LD_RUNPATH_SEARCH_PATHS = (
					"$(inherited)",
					"@executable_path/Frameworks",
					"@loader_path/Frameworks",
				);
				PRODUCT_BUNDLE_IDENTIFIER = fireland.WatchBloggeriOSTests;
				PRODUCT_NAME = "$(TARGET_NAME)";
				SWIFT_VERSION = 5.0;
				TARGETED_DEVICE_FAMILY = "1,2";
				TEST_HOST = "$(BUILT_PRODUCTS_DIR)/WatchBloggeriOS.app/WatchBloggeriOS";
			};
			name = Release;
		};
/* End XCBuildConfiguration section */

/* Begin XCConfigurationList section */
		70A72B15258CFDAB00A37450 /* Build configuration list for PBXProject "WatchBloggeriOS" */ = {
			isa = XCConfigurationList;
			buildConfigurations = (
				70A72B42258CFDAF00A37450 /* Debug */,
				70A72B43258CFDAF00A37450 /* Release */,
			);
			defaultConfigurationIsVisible = 0;
			defaultConfigurationName = Release;
		};
		70A72B44258CFDAF00A37450 /* Build configuration list for PBXNativeTarget "WatchBloggeriOS" */ = {
			isa = XCConfigurationList;
			buildConfigurations = (
				70A72B45258CFDAF00A37450 /* Debug */,
				70A72B46258CFDAF00A37450 /* Release */,
			);
			defaultConfigurationIsVisible = 0;
			defaultConfigurationName = Release;
		};
		70A72B47258CFDAF00A37450 /* Build configuration list for PBXNativeTarget "WatchBloggeriOSTests" */ = {
			isa = XCConfigurationList;
			buildConfigurations = (
				70A72B48258CFDAF00A37450 /* Debug */,
				70A72B49258CFDAF00A37450 /* Release */,
			);
			defaultConfigurationIsVisible = 0;
			defaultConfigurationName = Release;
		};
/* End XCConfigurationList section */
	};
	rootObject = 70A72B12258CFDAB00A37450 /* Project object */;
}
